
Microsoft Visual Studio Solution File, Format Version 12.00
# Visual Studio Version 16
VisualStudioVersion = 16.0.29318.209
MinimumVisualStudioVersion = 10.0.40219.1
Project("{FAE04EC0-301F-11D3-BF4B-00C04F79EFBC}") = "ConsoleApp2", "ConsoleApp2\ConsoleApp2.csproj", "{57EDBD08-A32D-4F72-A817-37B05A560C28}"
EndProject
Global
	GlobalSection(SolutionConfigurationPlatforms) = preSolution
		Debug|Any CPU = Debug|Any CPU
		Release|Any CPU = Release|Any CPU
	EndGlobalSection
	GlobalSection(ProjectConfigurationPlatforms) = postSolution
		{57EDBD08-A32D-4F72-A817-37B05A560C28}.Debug|Any CPU.ActiveCfg = Debug|Any CPU
		{57EDBD08-A32D-4F72-A817-37B05A560C28}.Debug|Any CPU.Build.0 = Debug|Any CPU
		{57EDBD08-A32D-4F72-A817-37B05A560C28}.Release|Any CPU.ActiveCfg = Release|Any CPU
		{57EDBD08-A32D-4F72-A817-37B05A560C28}.Release|Any CPU.Build.0 = Release|Any CPU
	EndGlobalSection
	GlobalSection(SolutionProperties) = preSolution
		HideSolutionNode = FALSE
	EndGlobalSection
	GlobalSection(ExtensibilityGlobals) = postSolution
		SolutionGuid = {E7E40EB4-E72A-4FE2-B517-0F88A2CA0708}
	EndGlobalSection
EndGlobal
